
Microsoft Visual Studio Solution File, Format Version 12.00
# Visual Studio 15
VisualStudioVersion = 15.0.28010.2048
MinimumVisualStudioVersion = 10.0.40219.1
Project("{FAE04EC0-301F-11D3-BF4B-00C04F79EFBC}") = "VirtualPanel", "VirtualPanel\VirtualPanel.csproj", "{E08F6C35-D334-40D1-B7DF-1EE3C0DA29ED}"
EndProject
Global
	GlobalSection(SolutionConfigurationPlatforms) = preSolution
		Debug|Any CPU = Debug|Any CPU
		Release|Any CPU = Release|Any CPU
	EndGlobalSection
	GlobalSection(ProjectConfigurationPlatforms) = postSolution
		{E08F6C35-D334-40D1-B7DF-1EE3C0DA29ED}.Debug|Any CPU.ActiveCfg = Debug|Any CPU
		{E08F6C35-D334-40D1-B7DF-1EE3C0DA29ED}.Debug|Any CPU.Build.0 = Debug|Any CPU
		{E08F6C35-D334-40D1-B7DF-1EE3C0DA29ED}.Release|Any CPU.ActiveCfg = Release|Any CPU
		{E08F6C35-D334-40D1-B7DF-1EE3C0DA29ED}.Release|Any CPU.Build.0 = Release|Any CPU
	EndGlobalSection
	GlobalSection(SolutionProperties) = preSolution
		HideSolutionNode = FALSE
	EndGlobalSection
	GlobalSection(ExtensibilityGlobals) = postSolution
		SolutionGuid = {976D7038-05F9-4808-9CF6-85F1F0D29FB7}
	EndGlobalSection
	GlobalSection(Performance) = preSolution
		HasPerformanceSessions = true
	EndGlobalSection
EndGlobal
