
Microsoft Visual Studio Solution File, Format Version 12.00
# Visual Studio 15
VisualStudioVersion = 15.0.28010.2048
MinimumVisualStudioVersion = 10.0.40219.1
Project("{FAE04EC0-301F-11D3-BF4B-00C04F79EFBC}") = "WindowsFormsApp1", "WindowsFormsApp1\WindowsFormsApp1.csproj", "{75DA4A24-CD8E-4D26-B1B4-7D08BE7D4A9E}"
EndProject
Global
	GlobalSection(SolutionConfigurationPlatforms) = preSolution
		Debug|Any CPU = Debug|Any CPU
		Release|Any CPU = Release|Any CPU
	EndGlobalSection
	GlobalSection(ProjectConfigurationPlatforms) = postSolution
		{75DA4A24-CD8E-4D26-B1B4-7D08BE7D4A9E}.Debug|Any CPU.ActiveCfg = Debug|Any CPU
		{75DA4A24-CD8E-4D26-B1B4-7D08BE7D4A9E}.Debug|Any CPU.Build.0 = Debug|Any CPU
		{75DA4A24-CD8E-4D26-B1B4-7D08BE7D4A9E}.Release|Any CPU.ActiveCfg = Release|Any CPU
		{75DA4A24-CD8E-4D26-B1B4-7D08BE7D4A9E}.Release|Any CPU.Build.0 = Release|Any CPU
	EndGlobalSection
	GlobalSection(SolutionProperties) = preSolution
		HideSolutionNode = FALSE
	EndGlobalSection
	GlobalSection(ExtensibilityGlobals) = postSolution
		SolutionGuid = {61FCD1AC-7F3A-40AF-A90E-37D6F73D0F38}
	EndGlobalSection
EndGlobal
